lockfileVersion: '9.0'

settings:
  autoInstallPeers: true
  excludeLinksFromLockfile: false

catalogs:
  default:
    '@types/node':
      specifier: ^25.3.3
      version: 25.3.3
    eslint:
      specifier: ^10.0.2
      version: 10.0.2
    prettier:
      specifier: ^3.7.4
      version: 3.7.4
    typescript:
      specifier: 5.9.2
      version: 5.9.2

importers:

  .:
    devDependencies:
      '@protodo/prettier-config':
        specifier: workspace:*
        version: link:tooling/prettier
      prettier:
        specifier: 'catalog:'
        version: 3.7.4
      turbo:
        specifier: ^2.8.9
        version: 2.8.9
      typescript:
        specifier: 5.9.2
        version: 5.9.2

  tooling/eslint:
    devDependencies:
      '@protodo/prettier-config':
        specifier: workspace:*
        version: link:../prettier
      '@protodo/tsconfig':
        specifier: workspace:*
        version: link:../typescript
      '@types/node':
        specifier: 'catalog:'
        version: 25.3.3
      eslint:
        specifier: 'catalog:'
        version: 10.0.2
      prettier:
        specifier: 'catalog:'
        version: 3.7.4
      typescript:
        specifier: 'catalog:'
        version: 5.9.2

  tooling/prettier:
    devDependencies:
      '@ianvs/prettier-plugin-sort-imports':
        specifier: ^4.7.1
        version: 4.7.1(prettier@3.7.4)
      '@protodo/tsconfig':
        specifier: workspace:*
        version: link:../typescript
      '@types/node':
        specifier: 'catalog:'
        version: 25.3.3
      prettier:
        specifier: 'catalog:'
        version: 3.7.4
      prettier-plugin-tailwindcss:
        specifier: ^0.7.2
        version: 0.7.2(@ianvs/prettier-plugin-sort-imports@4.7.1(prettier@3.7.4))(prettier@3.7.4)
      typescript:
        specifier: 'catalog:'
        version: 5.9.2

  tooling/typescript: {}

packages:

  '@babel/code-frame@7.29.0':
    resolution: {integrity: sha512-9NhCeYjq9+3uxgdtp20LSiJXJvN0FeCtNGpJxuMFZ1Kv3cWUNb6DOhJwUvcVCzKGR66cw4njwM6hrJLqgOwbcw==}
    engines: {node: '>=6.9.0'}

  '@babel/generator@7.29.1':
    resolution: {integrity: sha512-qsaF+9Qcm2Qv8SRIMMscAvG4O3lJ0F1GuMo5HR/Bp02LopNgnZBC/EkbevHFeGs4ls/oPz9v+Bsmzbkbe+0dUw==}
    engines: {node: '>=6.9.0'}

  '@babel/helper-globals@7.28.0':
    resolution: {integrity: sha512-+W6cISkXFa1jXsDEdYA8HeevQT/FULhxzR99pxphltZcVaugps53THCeiWA8SguxxpSp3gKPiuYfSWopkLQ4hw==}
    engines: {node: '>=6.9.0'}

  '@babel/helper-string-parser@7.27.1':
    resolution: {integrity: sha512-qMlSxKbpRlAridDExk92nSobyDdpPijUq2DW6oDnUqd0iOGxmQjyqhMIihI9+zv4LPyZdRje2cavWPbCbWm3eA==}
    engines: {node: '>=6.9.0'}

  '@babel/helper-validator-identifier@7.28.5':
    resolution: {integrity: sha512-qSs4ifwzKJSV39ucNjsvc6WVHs6b7S03sOh2OcHF9UHfVPqWWALUsNUVzhSBiItjRZoLHx7nIarVjqKVusUZ1Q==}
    engines: {node: '>=6.9.0'}

  '@babel/parser@7.29.0':
    resolution: {integrity: sha512-IyDgFV5GeDUVX4YdF/3CPULtVGSXXMLh1xVIgdCgxApktqnQV0r7/8Nqthg+8YLGaAtdyIlo2qIdZrbCv4+7ww==}
    engines: {node: '>=6.0.0'}
    hasBin: true

  '@babel/template@7.28.6':
    resolution: {integrity: sha512-YA6Ma2KsCdGb+WC6UpBVFJGXL58MDA6oyONbjyF/+5sBgxY/dwkhLogbMT2GXXyU84/IhRw/2D1Os1B/giz+BQ==}
    engines: {node: '>=6.9.0'}

  '@babel/traverse@7.29.0':
    resolution: {integrity: sha512-4HPiQr0X7+waHfyXPZpWPfWL/J7dcN1mx9gL6WdQVMbPnF3+ZhSMs8tCxN7oHddJE9fhNE7+lxdnlyemKfJRuA==}
    engines: {node: '>=6.9.0'}

  '@babel/types@7.29.0':
    resolution: {integrity: sha512-LwdZHpScM4Qz8Xw2iKSzS+cfglZzJGvofQICy7W7v4caru4EaAmyUuO6BGrbyQ2mYV11W0U8j5mBhd14dd3B0A==}
    engines: {node: '>=6.9.0'}

  '@eslint-community/eslint-utils@4.9.1':
    resolution: {integrity: sha512-phrYmNiYppR7znFEdqgfWHXR6NCkZEK7hwWDHZUjit/2/U0r6XvkDl0SYnoM51Hq7FhCGdLDT6zxCCOY1hexsQ==}
    engines: {node: ^12.22.0 || ^14.17.0 || >=16.0.0}
    peerDependencies:
      eslint: ^6.0.0 || ^7.0.0 || >=8.0.0

  '@eslint-community/regexpp@4.12.2':
    resolution: {integrity: sha512-EriSTlt5OC9/7SXkRSCAhfSxxoSUgBm33OH+IkwbdpgoqsSsUg7y3uh+IICI/Qg4BBWr3U2i39RpmycbxMq4ew==}
    engines: {node: ^12.0.0 || ^14.0.0 || >=16.0.0}

  '@eslint/config-array@0.23.2':
    resolution: {integrity: sha512-YF+fE6LV4v5MGWRGj7G404/OZzGNepVF8fxk7jqmqo3lrza7a0uUcDnROGRBG1WFC1omYUS/Wp1f42i0M+3Q3A==}
    engines: {node: ^20.19.0 || ^22.13.0 || >=24}

  '@eslint/config-helpers@0.5.2':
    resolution: {integrity: sha512-a5MxrdDXEvqnIq+LisyCX6tQMPF/dSJpCfBgBauY+pNZ28yCtSsTvyTYrMhaI+LK26bVyCJfJkT0u8KIj2i1dQ==}
    engines: {node: ^20.19.0 || ^22.13.0 || >=24}

  '@eslint/core@1.1.0':
    resolution: {integrity: sha512-/nr9K9wkr3P1EzFTdFdMoLuo1PmIxjmwvPozwoSodjNBdefGujXQUF93u1DDZpEaTuDvMsIQddsd35BwtrW9Xw==}
    engines: {node: ^20.19.0 || ^22.13.0 || >=24}

  '@eslint/object-schema@3.0.2':
    resolution: {integrity: sha512-HOy56KJt48Bx8KmJ+XGQNSUMT/6dZee/M54XyUyuvTvPXJmsERRvBchsUVx1UMe1WwIH49XLAczNC7V2INsuUw==}
    engines: {node: ^20.19.0 || ^22.13.0 || >=24}

  '@eslint/plugin-kit@0.6.0':
    resolution: {integrity: sha512-bIZEUzOI1jkhviX2cp5vNyXQc6olzb2ohewQubuYlMXZ2Q/XjBO0x0XhGPvc9fjSIiUN0vw+0hq53BJ4eQSJKQ==}
    engines: {node: ^20.19.0 || ^22.13.0 || >=24}

  '@humanfs/core@0.19.1':
    resolution: {integrity: sha512-5DyQ4+1JEUzejeK1JGICcideyfUbGixgS9jNgex5nqkW+cY7WZhxBigmieN5Qnw9ZosSNVC9KQKyb+GUaGyKUA==}
    engines: {node: '>=18.18.0'}

  '@humanfs/node@0.16.7':
    resolution: {integrity: sha512-/zUx+yOsIrG4Y43Eh2peDeKCxlRt/gET6aHfaKpuq267qXdYDFViVHfMaLyygZOnl0kGWxFIgsBy8QFuTLUXEQ==}
    engines: {node: '>=18.18.0'}

  '@humanwhocodes/module-importer@1.0.1':
    resolution: {integrity: sha512-bxveV4V8v5Yb4ncFTT3rPSgZBOpCkjfK0y4oVVVJwIuDVBRMDXrPyXRL988i5ap9m9bnyEEjWfm5WkBmtffLfA==}
    engines: {node: '>=12.22'}

  '@humanwhocodes/retry@0.4.3':
    resolution: {integrity: sha512-bV0Tgo9K4hfPCek+aMAn81RppFKv2ySDQeMoSZuvTASywNTnVJCArCZE2FWqpvIatKu7VMRLWlR1EazvVhDyhQ==}
    engines: {node: '>=18.18'}

  '@ianvs/prettier-plugin-sort-imports@4.7.1':
    resolution: {integrity: sha512-jmTNYGlg95tlsoG3JLCcuC4BrFELJtLirLAkQW/71lXSyOhVt/Xj7xWbbGcuVbNq1gwWgSyMrPjJc9Z30hynVw==}
    peerDependencies:
      '@prettier/plugin-oxc': ^0.0.4 || ^0.1.0
      '@vue/compiler-sfc': 2.7.x || 3.x
      content-tag: ^4.0.0
      prettier: 2 || 3 || ^4.0.0-0
      prettier-plugin-ember-template-tag: ^2.1.0
    peerDependenciesMeta:
      '@prettier/plugin-oxc':
        optional: true
      '@vue/compiler-sfc':
        optional: true
      content-tag:
        optional: true
      prettier-plugin-ember-template-tag:
        optional: true

  '@jridgewell/gen-mapping@0.3.13':
    resolution: {integrity: sha512-2kkt/7niJ6MgEPxF0bYdQ6etZaA+fQvDcLKckhy1yIQOzaoKjBBjSj63/aLVjYE3qhRt5dvM+uUyfCg6UKCBbA==}

  '@jridgewell/resolve-uri@3.1.2':
    resolution: {integrity: sha512-bRISgCIjP20/tbWSPWMEi54QVPRZExkuD9lJL+UIxUKtwVJA8wW1Trb1jMs1RFXo1CBTNZ/5hpC9QvmKWdopKw==}
    engines: {node: '>=6.0.0'}

  '@jridgewell/sourcemap-codec@1.5.5':
    resolution: {integrity: sha512-cYQ9310grqxueWbl+WuIUIaiUaDcj7WOq5fVhEljNVgRfOUhY9fy2zTvfoqWsnebh8Sl70VScFbICvJnLKB0Og==}

  '@jridgewell/trace-mapping@0.3.31':
    resolution: {integrity: sha512-zzNR+SdQSDJzc8joaeP8QQoCQr8NuYx2dIIytl1QeBEZHJ9uW6hebsrYgbz8hJwUQao3TWCMtmfV8Nu1twOLAw==}

  '@types/esrecurse@4.3.1':
    resolution: {integrity: sha512-xJBAbDifo5hpffDBuHl0Y8ywswbiAp/Wi7Y/GtAgSlZyIABppyurxVueOPE8LUQOxdlgi6Zqce7uoEpqNTeiUw==}

  '@types/estree@1.0.8':
    resolution: {integrity: sha512-dWHzHa2WqEXI/O1E9OjrocMTKJl2mSrEolh1Iomrv6U+JuNwaHXsXx9bLu5gG7BUWFIN0skIQJQ/L1rIex4X6w==}

  '@types/json-schema@7.0.15':
    resolution: {integrity: sha512-5+fP8P8MFNC+AyZCDxrB2pkZFPGzqQWUzpSeuuVLvm8VMcorNYavBqoFcxK8bQz4Qsbn4oUEEem4wDLfcysGHA==}

  '@types/node@25.3.3':
    resolution: {integrity: sha512-DpzbrH7wIcBaJibpKo9nnSQL0MTRdnWttGyE5haGwK86xgMOkFLp7vEyfQPGLOJh5wNYiJ3V9PmUMDhV9u8kkQ==}

  acorn-jsx@5.3.2:
    resolution: {integrity: sha512-rq9s+JNhf0IChjtDXxllJ7g41oZk5SlXtp0LHwyA5cejwn7vKmKp4pPri6YEePv2PU65sAsegbXtIinmDFDXgQ==}
    peerDependencies:
      acorn: ^6.0.0 || ^7.0.0 || ^8.0.0

  acorn@8.16.0:
    resolution: {integrity: sha512-UVJyE9MttOsBQIDKw1skb9nAwQuR5wuGD3+82K6JgJlm/Y+KI92oNsMNGZCYdDsVtRHSak0pcV5Dno5+4jh9sw==}
    engines: {node: '>=0.4.0'}
    hasBin: true

  ajv@6.14.0:
    resolution: {integrity: sha512-IWrosm/yrn43eiKqkfkHis7QioDleaXQHdDVPKg0FSwwd/DuvyX79TZnFOnYpB7dcsFAMmtFztZuXPDvSePkFw==}

  balanced-match@4.0.4:
    resolution: {integrity: sha512-BLrgEcRTwX2o6gGxGOCNyMvGSp35YofuYzw9h1IMTRmKqttAZZVU67bdb9Pr2vUHA8+j3i2tJfjO6C6+4myGTA==}
    engines: {node: 18 || 20 || >=22}

  brace-expansion@5.0.4:
    resolution: {integrity: sha512-h+DEnpVvxmfVefa4jFbCf5HdH5YMDXRsmKflpf1pILZWRFlTbJpxeU55nJl4Smt5HQaGzg1o6RHFPJaOqnmBDg==}
    engines: {node: 18 || 20 || >=22}

  cross-spawn@7.0.6:
    resolution: {integrity: sha512-uV2QOWP2nWzsy2aMp8aRibhi9dlzF5Hgh5SHaB9OiTGEyDTiJJyx0uy51QXdyWbtAHNua4XJzUKca3OzKUd3vA==}
    engines: {node: '>= 8'}

  debug@4.4.3:
    resolution: {integrity: sha512-RGwwWnwQvkVfavKVt22FGLw+xYSdzARwm0ru6DhTVA3umU5hZc28V3kO4stgYryrTlLpuvgI9GiijltAjNbcqA==}
    engines: {node: '>=6.0'}
    peerDependencies:
      supports-color: '*'
    peerDependenciesMeta:
      supports-color:
        optional: true

  deep-is@0.1.4:
    resolution: {integrity: sha512-oIPzksmTg4/MriiaYGO+okXDT7ztn/w3Eptv/+gSIdMdKsJo0u4CfYNFJPy+4SKMuCqGw2wxnA+URMg3t8a/bQ==}

  escape-string-regexp@4.0.0:
    resolution: {integrity: sha512-TtpcNJ3XAzx3Gq8sWRzJaVajRs0uVxA2YAkdb1jm2YkPz4G6egUFAyA3n5vtEIZefPk5Wa4UXbKuS5fKkJWdgA==}
    engines: {node: '>=10'}

  eslint-scope@9.1.1:
    resolution: {integrity: sha512-GaUN0sWim5qc8KVErfPBWmc31LEsOkrUJbvJZV+xuL3u2phMUK4HIvXlWAakfC8W4nzlK+chPEAkYOYb5ZScIw==}
    engines: {node: ^20.19.0 || ^22.13.0 || >=24}

  eslint-visitor-keys@3.4.3:
    resolution: {integrity: sha512-wpc+LXeiyiisxPlEkUzU6svyS1frIO3Mgxj1fdy7Pm8Ygzguax2N3Fa/D/ag1WqbOprdI+uY6wMUl8/a2G+iag==}
    engines: {node: ^12.22.0 || ^14.17.0 || >=16.0.0}

  eslint-visitor-keys@5.0.1:
    resolution: {integrity: sha512-tD40eHxA35h0PEIZNeIjkHoDR4YjjJp34biM0mDvplBe//mB+IHCqHDGV7pxF+7MklTvighcCPPZC7ynWyjdTA==}
    engines: {node: ^20.19.0 || ^22.13.0 || >=24}

  eslint@10.0.2:
    resolution: {integrity: sha512-uYixubwmqJZH+KLVYIVKY1JQt7tysXhtj21WSvjcSmU5SVNzMus1bgLe+pAt816yQ8opKfheVVoPLqvVMGejYw==}
    engines: {node: ^20.19.0 || ^22.13.0 || >=24}
    hasBin: true
    peerDependencies:
      jiti: '*'
    peerDependenciesMeta:
      jiti:
        optional: true

  espree@11.1.1:
    resolution: {integrity: sha512-AVHPqQoZYc+RUM4/3Ly5udlZY/U4LS8pIG05jEjWM2lQMU/oaZ7qshzAl2YP1tfNmXfftH3ohurfwNAug+MnsQ==}
    engines: {node: ^20.19.0 || ^22.13.0 || >=24}

  esquery@1.7.0:
    resolution: {integrity: sha512-Ap6G0WQwcU/LHsvLwON1fAQX9Zp0A2Y6Y/cJBl9r/JbW90Zyg4/zbG6zzKa2OTALELarYHmKu0GhpM5EO+7T0g==}
    engines: {node: '>=0.10'}

  esrecurse@4.3.0:
    resolution: {integrity: sha512-KmfKL3b6G+RXvP8N1vr3Tq1kL/oCFgn2NYXEtqP8/L3pKapUA4G8cFVaoF3SU323CD4XypR/ffioHmkti6/Tag==}
    engines: {node: '>=4.0'}

  estraverse@5.3.0:
    resolution: {integrity: sha512-MMdARuVEQziNTeJD8DgMqmhwR11BRQ/cBP+pLtYdSTnf3MIO8fFeiINEbX36ZdNlfU/7A9f3gUw49B3oQsvwBA==}
    engines: {node: '>=4.0'}

  esutils@2.0.3:
    resolution: {integrity: sha512-kVscqXk4OCp68SZ0dkgEKVi6/8ij300KBWTJq32P/dYeWTSwK41WyTxalN1eRmA5Z9UU/LX9D7FWSmV9SAYx6g==}
    engines: {node: '>=0.10.0'}

  fast-deep-equal@3.1.3:
    resolution: {integrity: sha512-f3qQ9oQy9j2AhBe/H9VC91wLmKBCCU/gDOnKNAYG5hswO7BLKj09Hc5HYNz9cGI++xlpDCIgDaitVs03ATR84Q==}

  fast-json-stable-stringify@2.1.0:
    resolution: {integrity: sha512-lhd/wF+Lk98HZoTCtlVraHtfh5XYijIjalXck7saUtuanSDyLMxnHhSXEDJqHxD7msR8D0uCmqlkwjCV8xvwHw==}

  fast-levenshtein@2.0.6:
    resolution: {integrity: sha512-DCXu6Ifhqcks7TZKY3Hxp3y6qphY5SJZmrWMDrKcERSOXWQdMhU9Ig/PYrzyw/ul9jOIyh0N4M0tbC5hodg8dw==}

  file-entry-cache@8.0.0:
    resolution: {integrity: sha512-XXTUwCvisa5oacNGRP9SfNtYBNAMi+RPwBFmblZEF7N7swHYQS6/Zfk7SRwx4D5j3CH211YNRco1DEMNVfZCnQ==}
    engines: {node: '>=16.0.0'}

  find-up@5.0.0:
    resolution: {integrity: sha512-78/PXT1wlLLDgTzDs7sjq9hzz0vXD+zn+7wypEe4fXQxCmdmqfGsEPQxmiCSQI3ajFV91bVSsvNtrJRiW6nGng==}
    engines: {node: '>=10'}

  flat-cache@4.0.1:
    resolution: {integrity: sha512-f7ccFPK3SXFHpx15UIGyRJ/FJQctuKZ0zVuN3frBo4HnK3cay9VEW0R6yPYFHC0AgqhukPzKjq22t5DmAyqGyw==}
    engines: {node: '>=16'}

  flatted@3.3.3:
    resolution: {integrity: sha512-GX+ysw4PBCz0PzosHDepZGANEuFCMLrnRTiEy9McGjmkCQYwRq4A/X786G/fjM/+OjsWSU1ZrY5qyARZmO/uwg==}

  glob-parent@6.0.2:
    resolution: {integrity: sha512-XxwI8EOhVQgWp6iDL+3b0r86f4d6AX6zSU55HfB4ydCEuXLXc5FcYeOu+nnGftS4TEju/11rt4KJPTMgbfmv4A==}
    engines: {node: '>=10.13.0'}

  ignore@5.3.2:
    resolution: {integrity: sha512-hsBTNUqQTDwkWtcdYI2i06Y/nUBEsNEDJKjWdigLvegy8kDuJAS8uRlpkkcQpyEXL0Z/pjDy5HBmMjRCJ2gq+g==}
    engines: {node: '>= 4'}

  imurmurhash@0.1.4:
    resolution: {integrity: sha512-JmXMZ6wuvDmLiHEml9ykzqO6lwFbof0GG4IkcGaENdCRDDmMVnny7s5HsIgHCbaq0w2MyPhDqkhTUgS2LU2PHA==}
    engines: {node: '>=0.8.19'}

  is-extglob@2.1.1:
    resolution: {integrity: sha512-SbKbANkN603Vi4jEZv49LeVJMn4yGwsbzZworEoyEiutsN3nJYdbO36zfhGJ6QEDpOZIFkDtnq5JRxmvl3jsoQ==}
    engines: {node: '>=0.10.0'}

  is-glob@4.0.3:
    resolution: {integrity: sha512-xelSayHH36ZgE7ZWhli7pW34hNbNl8Ojv5KVmkJD4hBdD3th8Tfk9vYasLM+mXWOZhFkgZfxhLSnrwRr4elSSg==}
    engines: {node: '>=0.10.0'}

  isexe@2.0.0:
    resolution: {integrity: sha512-RHxMLp9lnKHGHRng9QFhRCMbYAcVpn69smSGcq3f36xjgVVWThj4qqLbTLlq7Ssj8B+fIQ1EuCEGI2lKsyQeIw==}

  js-tokens@4.0.0:
    resolution: {integrity: sha512-RdJUflcE3cUzKiMqQgsCu06FPu9UdIJO0beYbPhHN4k6apgJtifcoCtT9bcxOpYBtpD2kCM6Sbzg4CausW/PKQ==}

  jsesc@3.1.0:
    resolution: {integrity: sha512-/sM3dO2FOzXjKQhJuo0Q173wf2KOo8t4I8vHy6lF9poUp7bKT0/NHE8fPX23PwfhnykfqnC2xRxOnVw5XuGIaA==}
    engines: {node: '>=6'}
    hasBin: true

  json-buffer@3.0.1:
    resolution: {integrity: sha512-4bV5BfR2mqfQTJm+V5tPPdf+ZpuhiIvTuAB5g8kcrXOZpTT/QwwVRWBywX1ozr6lEuPdbHxwaJlm9G6mI2sfSQ==}

  json-schema-traverse@0.4.1:
    resolution: {integrity: sha512-xbbCH5dCYU5T8LcEhhuh7HJ88HXuW3qsI3Y0zOZFKfZEHcpWiHU/Jxzk629Brsab/mMiHQti9wMP+845RPe3Vg==}

  json-stable-stringify-without-jsonify@1.0.1:
    resolution: {integrity: sha512-Bdboy+l7tA3OGW6FjyFHWkP5LuByj1Tk33Ljyq0axyzdk9//JSi2u3fP1QSmd1KNwq6VOKYGlAu87CisVir6Pw==}

  keyv@4.5.4:
    resolution: {integrity: sha512-oxVHkHR/EJf2CNXnWxRLW6mg7JyCCUcG0DtEGmL2ctUo1PNTin1PUil+r/+4r5MpVgC/fn1kjsx7mjSujKqIpw==}

  levn@0.4.1:
    resolution: {integrity: sha512-+bT2uH4E5LGE7h/n3evcS/sQlJXCpIp6ym8OWJ5eV6+67Dsql/LaaT7qJBAt2rzfoa/5QBGBhxDix1dMt2kQKQ==}
    engines: {node: '>= 0.8.0'}

  locate-path@6.0.0:
    resolution: {integrity: sha512-iPZK6eYjbxRu3uB4/WZ3EsEIMJFMqAoopl3R+zuq0UjcAm/MO6KCweDgPfP3elTztoKP3KtnVHxTn2NHBSDVUw==}
    engines: {node: '>=10'}

  minimatch@10.2.4:
    resolution: {integrity: sha512-oRjTw/97aTBN0RHbYCdtF1MQfvusSIBQM0IZEgzl6426+8jSC0nF1a/GmnVLpfB9yyr6g6FTqWqiZVbxrtaCIg==}
    engines: {node: 18 || 20 || >=22}

  ms@2.1.3:
    resolution: {integrity: sha512-6FlzubTLZG3J2a/NVCAleEhjzq5oxgHyaCU9yYXvcLsvoVaHJq/s5xXI6/XXP6tz7R9xAOtHnSO/tXtF3WRTlA==}

  natural-compare@1.4.0:
    resolution: {integrity: sha512-OWND8ei3VtNC9h7V60qff3SVobHr996CTwgxubgyQYEpg290h9J0buyECNNJexkFm5sOajh5G116RYA1c8ZMSw==}

  optionator@0.9.4:
    resolution: {integrity: sha512-6IpQ7mKUxRcZNLIObR0hz7lxsapSSIYNZJwXPGeF0mTVqGKFIXj1DQcMoT22S3ROcLyY/rz0PWaWZ9ayWmad9g==}
    engines: {node: '>= 0.8.0'}

  p-limit@3.1.0:
    resolution: {integrity: sha512-TYOanM3wGwNGsZN2cVTYPArw454xnXj5qmWF1bEoAc4+cU/ol7GVh7odevjp1FNHduHc3KZMcFduxU5Xc6uJRQ==}
    engines: {node: '>=10'}

  p-locate@5.0.0:
    resolution: {integrity: sha512-LaNjtRWUBY++zB5nE/NwcaoMylSPk+S+ZHNB1TzdbMJMny6dynpAGt7X/tl/QYq3TIeE6nxHppbo2LGymrG5Pw==}
    engines: {node: '>=10'}

  path-exists@4.0.0:
    resolution: {integrity: sha512-ak9Qy5Q7jYb2Wwcey5Fpvg2KoAc/ZIhLSLOSBmRmygPsGwkVVt0fZa0qrtMz+m6tJTAHfZQ8FnmB4MG4LWy7/w==}
    engines: {node: '>=8'}

  path-key@3.1.1:
    resolution: {integrity: sha512-ojmeN0qd+y0jszEtoY48r0Peq5dwMEkIlCOu6Q5f41lfkswXuKtYrhgoTpLnyIcHm24Uhqx+5Tqm2InSwLhE6Q==}
    engines: {node: '>=8'}

  picocolors@1.1.1:
    resolution: {integrity: sha512-xceH2snhtb5M9liqDsmEw56le376mTZkEX/jEb/RxNFyegNul7eNslCXP9FDj/Lcu0X8KEyMceP2ntpaHrDEVA==}

  prelude-ls@1.2.1:
    resolution: {integrity: sha512-vkcDPrRZo1QZLbn5RLGPpg/WmIQ65qoWWhcGKf/b5eplkkarX0m9z8ppCat4mlOqUsWpyNuYgO3VRyrYHSzX5g==}
    engines: {node: '>= 0.8.0'}

  prettier-plugin-tailwindcss@0.7.2:
    resolution: {integrity: sha512-LkphyK3Fw+q2HdMOoiEHWf93fNtYJwfamoKPl7UwtjFQdei/iIBoX11G6j706FzN3ymX9mPVi97qIY8328vdnA==}
    engines: {node: '>=20.19'}
    peerDependencies:
      '@ianvs/prettier-plugin-sort-imports': '*'
      '@prettier/plugin-hermes': '*'
      '@prettier/plugin-oxc': '*'
      '@prettier/plugin-pug': '*'
      '@shopify/prettier-plugin-liquid': '*'
      '@trivago/prettier-plugin-sort-imports': '*'
      '@zackad/prettier-plugin-twig': '*'
      prettier: ^3.0
      prettier-plugin-astro: '*'
      prettier-plugin-css-order: '*'
      prettier-plugin-jsdoc: '*'
      prettier-plugin-marko: '*'
      prettier-plugin-multiline-arrays: '*'
      prettier-plugin-organize-attributes: '*'
      prettier-plugin-organize-imports: '*'
      prettier-plugin-sort-imports: '*'
      prettier-plugin-svelte: '*'
    peerDependenciesMeta:
      '@ianvs/prettier-plugin-sort-imports':
        optional: true
      '@prettier/plugin-hermes':
        optional: true
      '@prettier/plugin-oxc':
        optional: true
      '@prettier/plugin-pug':
        optional: true
      '@shopify/prettier-plugin-liquid':
        optional: true
      '@trivago/prettier-plugin-sort-imports':
        optional: true
      '@zackad/prettier-plugin-twig':
        optional: true
      prettier-plugin-astro:
        optional: true
      prettier-plugin-css-order:
        optional: true
      prettier-plugin-jsdoc:
        optional: true
      prettier-plugin-marko:
        optional: true
      prettier-plugin-multiline-arrays:
        optional: true
      prettier-plugin-organize-attributes:
        optional: true
      prettier-plugin-organize-imports:
        optional: true
      prettier-plugin-sort-imports:
        optional: true
      prettier-plugin-svelte:
        optional: true

  prettier@3.7.4:
    resolution: {integrity: sha512-v6UNi1+3hSlVvv8fSaoUbggEM5VErKmmpGA7Pl3HF8V6uKY7rvClBOJlH6yNwQtfTueNkGVpOv/mtWL9L4bgRA==}
    engines: {node: '>=14'}
    hasBin: true

  punycode@2.3.1:
    resolution: {integrity: sha512-vYt7UD1U9Wg6138shLtLOvdAu+8DsC/ilFtEVHcH+wydcSpNE20AfSOduf6MkRFahL5FY7X1oU7nKVZFtfq8Fg==}
    engines: {node: '>=6'}

  semver@7.7.4:
    resolution: {integrity: sha512-vFKC2IEtQnVhpT78h1Yp8wzwrf8CM+MzKMHGJZfBtzhZNycRFnXsHk6E5TxIkkMsgNS7mdX3AGB7x2QM2di4lA==}
    engines: {node: '>=10'}
    hasBin: true

  shebang-command@2.0.0:
    resolution: {integrity: sha512-kHxr2zZpYtdmrN1qDjrrX/Z1rR1kG8Dx+gkpK1G4eXmvXswmcE1hTWBWYUzlraYw1/yZp6YuDY77YtvbN0dmDA==}
    engines: {node: '>=8'}

  shebang-regex@3.0.0:
    resolution: {integrity: sha512-7++dFhtcx3353uBaq8DDR4NuxBetBzC7ZQOhmTQInHEd6bSrXdiEyzCvG07Z44UYdLShWUyXt5M/yhz8ekcb1A==}
    engines: {node: '>=8'}

  turbo-darwin-64@2.8.9:
    resolution: {integrity: sha512-KnCw1ZI9KTnEAhdI9avZrnZ/z4wsM++flMA1w8s8PKOqi5daGpFV36qoPafg4S8TmYMe52JPWEoFr0L+lQ5JIw==}
    cpu: [x64]
    os: [darwin]

  turbo-darwin-arm64@2.8.9:
    resolution: {integrity: sha512-CbD5Y2NKJKBXTOZ7z7Cc7vGlFPZkYjApA7ri9lH4iFwKV1X7MoZswh9gyRLetXYWImVX1BqIvP8KftulJg/wIA==}
    cpu: [arm64]
    os: [darwin]

  turbo-linux-64@2.8.9:
    resolution: {integrity: sha512-OXC9HdCtsHvyH+5KUoH8ds+p5WU13vdif0OPbsFzZca4cUXMwKA3HWwUuCgQetk0iAE4cscXpi/t8A263n3VTg==}
    cpu: [x64]
    os: [linux]

  turbo-linux-arm64@2.8.9:
    resolution: {integrity: sha512-yI5n8jNXiFA6+CxnXG0gO7h5ZF1+19K8uO3/kXPQmyl37AdiA7ehKJQOvf9OPAnmkGDHcF2HSCPltabERNRmug==}
    cpu: [arm64]
    os: [linux]

  turbo-windows-64@2.8.9:
    resolution: {integrity: sha512-/OztzeGftJAg258M/9vK2ZCkUKUzqrWXJIikiD2pm8TlqHcIYUmepDbyZSDfOiUjMy6NzrLFahpNLnY7b5vNgg==}
    cpu: [x64]
    os: [win32]

  turbo-windows-arm64@2.8.9:
    resolution: {integrity: sha512-xZ2VTwVTjIqpFZKN4UBxDHCPM3oJ2J5cpRzCBSmRpJ/Pn33wpiYjs+9FB2E03svKaD04/lSSLlEUej0UYsugfg==}
    cpu: [arm64]
    os: [win32]

  turbo@2.8.9:
    resolution: {integrity: sha512-G+Mq8VVQAlpz/0HTsxiNNk/xywaHGl+dk1oiBREgOEVCCDjXInDlONWUn5srRnC9s5tdHTFD1bx1N19eR4hI+g==}
    hasBin: true

  type-check@0.4.0:
    resolution: {integrity: sha512-XleUoc9uwGXqjWwXaUTZAmzMcFZ5858QA2vvx1Ur5xIcixXIP+8LnFDgRplU30us6teqdlskFfu+ae4K79Ooew==}
    engines: {node: '>= 0.8.0'}

  typescript@5.9.2:
    resolution: {integrity: sha512-CWBzXQrc/qOkhidw1OzBTQuYRbfyxDXJMVJ1XNwUHGROVmuaeiEm3OslpZ1RV96d7SKKjZKrSJu3+t/xlw3R9A==}
    engines: {node: '>=14.17'}
    hasBin: true

  undici-types@7.18.2:
    resolution: {integrity: sha512-AsuCzffGHJybSaRrmr5eHr81mwJU3kjw6M+uprWvCXiNeN9SOGwQ3Jn8jb8m3Z6izVgknn1R0FTCEAP2QrLY/w==}

  uri-js@4.4.1:
    resolution: {integrity: sha512-7rKUyy33Q1yc98pQ1DAmLtwX109F7TIfWlW1Ydo8Wl1ii1SeHieeh0HHfPeL2fMXK6z0s8ecKs9frCuLJvndBg==}

  which@2.0.2:
    resolution: {integrity: sha512-BLI3Tl1TW3Pvl70l3yq3Y64i+awpwXqsGBYWkkqMtnbXgrMD+yj7rhW0kuEDxzJaYXGjEW5ogapKNMEKNMjibA==}
    engines: {node: '>= 8'}
    hasBin: true

  word-wrap@1.2.5:
    resolution: {integrity: sha512-BN22B5eaMMI9UMtjrGd5g5eCYPpCPDUy0FJXbYsaT5zYxjFOckS53SQDE3pWkVoWpHXVb3BrYcEN4Twa55B5cA==}
    engines: {node: '>=0.10.0'}

  yocto-queue@0.1.0:
    resolution: {integrity: sha512-rVksvsnNCdJ/ohGc6xgPwyN8eheCxsiLM8mxuE/t/mOVqJewPuO1miLpTHQiRgTKCLexL4MeAFVagts7HmNZ2Q==}
    engines: {node: '>=10'}

snapshots:

  '@babel/code-frame@7.29.0':
    dependencies:
      '@babel/helper-validator-identifier': 7.28.5
      js-tokens: 4.0.0
      picocolors: 1.1.1

  '@babel/generator@7.29.1':
    dependencies:
      '@babel/parser': 7.29.0
      '@babel/types': 7.29.0
      '@jridgewell/gen-mapping': 0.3.13
      '@jridgewell/trace-mapping': 0.3.31
      jsesc: 3.1.0

  '@babel/helper-globals@7.28.0': {}

  '@babel/helper-string-parser@7.27.1': {}

  '@babel/helper-validator-identifier@7.28.5': {}

  '@babel/parser@7.29.0':
    dependencies:
      '@babel/types': 7.29.0

  '@babel/template@7.28.6':
    dependencies:
      '@babel/code-frame': 7.29.0
      '@babel/parser': 7.29.0
      '@babel/types': 7.29.0

  '@babel/traverse@7.29.0':
    dependencies:
      '@babel/code-frame': 7.29.0
      '@babel/generator': 7.29.1
      '@babel/helper-globals': 7.28.0
      '@babel/parser': 7.29.0
      '@babel/template': 7.28.6
      '@babel/types': 7.29.0
      debug: 4.4.3
    transitivePeerDependencies:
      - supports-color

  '@babel/types@7.29.0':
    dependencies:
      '@babel/helper-string-parser': 7.27.1
      '@babel/helper-validator-identifier': 7.28.5

  '@eslint-community/eslint-utils@4.9.1(eslint@10.0.2)':
    dependencies:
      eslint: 10.0.2
      eslint-visitor-keys: 3.4.3

  '@eslint-community/regexpp@4.12.2': {}

  '@eslint/config-array@0.23.2':
    dependencies:
      '@eslint/object-schema': 3.0.2
      debug: 4.4.3
      minimatch: 10.2.4
    transitivePeerDependencies:
      - supports-color

  '@eslint/config-helpers@0.5.2':
    dependencies:
      '@eslint/core': 1.1.0

  '@eslint/core@1.1.0':
    dependencies:
      '@types/json-schema': 7.0.15

  '@eslint/object-schema@3.0.2': {}

  '@eslint/plugin-kit@0.6.0':
    dependencies:
      '@eslint/core': 1.1.0
      levn: 0.4.1

  '@humanfs/core@0.19.1': {}

  '@humanfs/node@0.16.7':
    dependencies:
      '@humanfs/core': 0.19.1
      '@humanwhocodes/retry': 0.4.3

  '@humanwhocodes/module-importer@1.0.1': {}

  '@humanwhocodes/retry@0.4.3': {}

  '@ianvs/prettier-plugin-sort-imports@4.7.1(prettier@3.7.4)':
    dependencies:
      '@babel/generator': 7.29.1
      '@babel/parser': 7.29.0
      '@babel/traverse': 7.29.0
      '@babel/types': 7.29.0
      prettier: 3.7.4
      semver: 7.7.4
    transitivePeerDependencies:
      - supports-color

  '@jridgewell/gen-mapping@0.3.13':
    dependencies:
      '@jridgewell/sourcemap-codec': 1.5.5
      '@jridgewell/trace-mapping': 0.3.31

  '@jridgewell/resolve-uri@3.1.2': {}

  '@jridgewell/sourcemap-codec@1.5.5': {}

  '@jridgewell/trace-mapping@0.3.31':
    dependencies:
      '@jridgewell/resolve-uri': 3.1.2
      '@jridgewell/sourcemap-codec': 1.5.5

  '@types/esrecurse@4.3.1': {}

  '@types/estree@1.0.8': {}

  '@types/json-schema@7.0.15': {}

  '@types/node@25.3.3':
    dependencies:
      undici-types: 7.18.2

  acorn-jsx@5.3.2(acorn@8.16.0):
    dependencies:
      acorn: 8.16.0

  acorn@8.16.0: {}

  ajv@6.14.0:
    dependencies:
      fast-deep-equal: 3.1.3
      fast-json-stable-stringify: 2.1.0
      json-schema-traverse: 0.4.1
      uri-js: 4.4.1

  balanced-match@4.0.4: {}

  brace-expansion@5.0.4:
    dependencies:
      balanced-match: 4.0.4

  cross-spawn@7.0.6:
    dependencies:
      path-key: 3.1.1
      shebang-command: 2.0.0
      which: 2.0.2

  debug@4.4.3:
    dependencies:
      ms: 2.1.3

  deep-is@0.1.4: {}

  escape-string-regexp@4.0.0: {}

  eslint-scope@9.1.1:
    dependencies:
      '@types/esrecurse': 4.3.1
      '@types/estree': 1.0.8
      esrecurse: 4.3.0
      estraverse: 5.3.0

  eslint-visitor-keys@3.4.3: {}

  eslint-visitor-keys@5.0.1: {}

  eslint@10.0.2:
    dependencies:
      '@eslint-community/eslint-utils': 4.9.1(eslint@10.0.2)
      '@eslint-community/regexpp': 4.12.2
      '@eslint/config-array': 0.23.2
      '@eslint/config-helpers': 0.5.2
      '@eslint/core': 1.1.0
      '@eslint/plugin-kit': 0.6.0
      '@humanfs/node': 0.16.7
      '@humanwhocodes/module-importer': 1.0.1
      '@humanwhocodes/retry': 0.4.3
      '@types/estree': 1.0.8
      ajv: 6.14.0
      cross-spawn: 7.0.6
      debug: 4.4.3
      escape-string-regexp: 4.0.0
      eslint-scope: 9.1.1
      eslint-visitor-keys: 5.0.1
      espree: 11.1.1
      esquery: 1.7.0
      esutils: 2.0.3
      fast-deep-equal: 3.1.3
      file-entry-cache: 8.0.0
      find-up: 5.0.0
      glob-parent: 6.0.2
      ignore: 5.3.2
      imurmurhash: 0.1.4
      is-glob: 4.0.3
      json-stable-stringify-without-jsonify: 1.0.1
      minimatch: 10.2.4
      natural-compare: 1.4.0
      optionator: 0.9.4
    transitivePeerDependencies:
      - supports-color

  espree@11.1.1:
    dependencies:
      acorn: 8.16.0
      acorn-jsx: 5.3.2(acorn@8.16.0)
      eslint-visitor-keys: 5.0.1

  esquery@1.7.0:
    dependencies:
      estraverse: 5.3.0

  esrecurse@4.3.0:
    dependencies:
      estraverse: 5.3.0

  estraverse@5.3.0: {}

  esutils@2.0.3: {}

  fast-deep-equal@3.1.3: {}

  fast-json-stable-stringify@2.1.0: {}

  fast-levenshtein@2.0.6: {}

  file-entry-cache@8.0.0:
    dependencies:
      flat-cache: 4.0.1

  find-up@5.0.0:
    dependencies:
      locate-path: 6.0.0
      path-exists: 4.0.0

  flat-cache@4.0.1:
    dependencies:
      flatted: 3.3.3
      keyv: 4.5.4

  flatted@3.3.3: {}

  glob-parent@6.0.2:
    dependencies:
      is-glob: 4.0.3

  ignore@5.3.2: {}

  imurmurhash@0.1.4: {}

  is-extglob@2.1.1: {}

  is-glob@4.0.3:
    dependencies:
      is-extglob: 2.1.1

  isexe@2.0.0: {}

  js-tokens@4.0.0: {}

  jsesc@3.1.0: {}

  json-buffer@3.0.1: {}

  json-schema-traverse@0.4.1: {}

  json-stable-stringify-without-jsonify@1.0.1: {}

  keyv@4.5.4:
    dependencies:
      json-buffer: 3.0.1

  levn@0.4.1:
    dependencies:
      prelude-ls: 1.2.1
      type-check: 0.4.0

  locate-path@6.0.0:
    dependencies:
      p-locate: 5.0.0

  minimatch@10.2.4:
    dependencies:
      brace-expansion: 5.0.4

  ms@2.1.3: {}

  natural-compare@1.4.0: {}

  optionator@0.9.4:
    dependencies:
      deep-is: 0.1.4
      fast-levenshtein: 2.0.6
      levn: 0.4.1
      prelude-ls: 1.2.1
      type-check: 0.4.0
      word-wrap: 1.2.5

  p-limit@3.1.0:
    dependencies:
      yocto-queue: 0.1.0

  p-locate@5.0.0:
    dependencies:
      p-limit: 3.1.0

  path-exists@4.0.0: {}

  path-key@3.1.1: {}

  picocolors@1.1.1: {}

  prelude-ls@1.2.1: {}

  prettier-plugin-tailwindcss@0.7.2(@ianvs/prettier-plugin-sort-imports@4.7.1(prettier@3.7.4))(prettier@3.7.4):
    dependencies:
      prettier: 3.7.4
    optionalDependencies:
      '@ianvs/prettier-plugin-sort-imports': 4.7.1(prettier@3.7.4)

  prettier@3.7.4: {}

  punycode@2.3.1: {}

  semver@7.7.4: {}

  shebang-command@2.0.0:
    dependencies:
      shebang-regex: 3.0.0

  shebang-regex@3.0.0: {}

  turbo-darwin-64@2.8.9:
    optional: true

  turbo-darwin-arm64@2.8.9:
    optional: true

  turbo-linux-64@2.8.9:
    optional: true

  turbo-linux-arm64@2.8.9:
    optional: true

  turbo-windows-64@2.8.9:
    optional: true

  turbo-windows-arm64@2.8.9:
    optional: true

  turbo@2.8.9:
    optionalDependencies:
      turbo-darwin-64: 2.8.9
      turbo-darwin-arm64: 2.8.9
      turbo-linux-64: 2.8.9
      turbo-linux-arm64: 2.8.9
      turbo-windows-64: 2.8.9
      turbo-windows-arm64: 2.8.9

  type-check@0.4.0:
    dependencies:
      prelude-ls: 1.2.1

  typescript@5.9.2: {}

  undici-types@7.18.2: {}

  uri-js@4.4.1:
    dependencies:
      punycode: 2.3.1

  which@2.0.2:
    dependencies:
      isexe: 2.0.0

  word-wrap@1.2.5: {}

  yocto-queue@0.1.0: {}
